github.com/inahym196/FormatStationData v0.0.0-20210107020545-0487a74144dc h1:vXcBUGtnghEpJhIrOz4BdBAbiGM09xVY+f1/u01mFoc=
github.com/inahym196/FormatStationData/src/word v0.0.0-20210107020545-0487a74144dc h1:t3LNf6rYo9zKgcOZ7WVcI+j5cOHm6XnW/cCxg1a8zqo=
github.com/inahym196/FormatStationData/src/word v0.0.0-20210107020545-0487a74144dc/go.mod h1:S4f/rUdP/r4KqlOwPeyjIKcngTaOB4uyy23toy0tMVI=
