github.com/inahym196/FormatStationData v0.0.0-20210107020545-0487a74144dc h1:vXcBUGtnghEpJhIrOz4BdBAbiGM09xVY+f1/u01mFoc=
github.com/inahym196/FormatStationData/src/roma v0.0.0-20210107020545-0487a74144dc h1:wBI2/m/SrKkXkefY5Bj2bLl4c1BuXq/2pT5rCUp+6Fk=
github.com/inahym196/FormatStationData/src/roma v0.0.0-20210107020545-0487a74144dc/go.mod h1:0Lm3x3fuCZKaHmWaVeKYtOo4h5icL6AcSS7/QwHR3lE=
